// !$*UTF8*$!
{
	archiveVersion = 1;
	classes = {
	};
	objectVersion = 50;
	objects = {

/* Begin PBXBuildFile section */
		ADF0D01B20D9750D00EE7E28 /* AppDelegate.swift in Sources */ = {isa = PBXBuildFile; fileRef = ADF0D01A20D9750D00EE7E28 /* AppDelegate.swift */; };
		ADF0D01D20D9750D00EE7E28 /* ViewController.swift in Sources */ = {isa = PBXBuildFile; fileRef = ADF0D01C20D9750D00EE7E28 /* ViewController.swift */; };
		ADF0D02020D9750D00EE7E28 /* Main.storyboard in Resources */ = {isa = PBXBuildFile; fileRef = ADF0D01E20D9750D00EE7E28 /* Main.storyboard */; };
		ADF0D02220D9750F00EE7E28 /* Assets.xcassets in Resources */ = {isa = PBXBuildFile; fileRef = ADF0D02120D9750F00EE7E28 /* Assets.xcassets */; };
		ADF0D02520D9750F00EE7E28 /* LaunchScreen.storyboard in Resources */ = {isa = PBXBuildFile; fileRef = ADF0D02320D9750F00EE7E28 /* LaunchScreen.storyboard */; };
		ADF0D03020D9750F00EE7E28 /* PlanetsTests.swift in Sources */ = {isa = PBXBuildFile; fileRef = ADF0D02F20D9750F00EE7E28 /* PlanetsTests.swift */; };
		ADF0D03B20D9750F00EE7E28 /* PlanetsUITests.swift in Sources */ = {isa = PBXBuildFile; fileRef = ADF0D03A20D9750F00EE7E28 /* PlanetsUITests.swift */; };
/* End PBXBuildFile section */

/* Begin PBXContainerItemProxy section */
		ADF0D02C20D9750F00EE7E28 /* PBXContainerItemProxy */ = {
			isa = PBXContainerItemProxy;
			containerPortal = ADF0D00F20D9750D00EE7E28 /* Project object */;
			proxyType = 1;
			remoteGlobalIDString = ADF0D01620D9750D00EE7E28;
			remoteInfo = Planets;
		};
		ADF0D03720D9750F00EE7E28 /* PBXContainerItemProxy */ = {
			isa = PBXContainerItemProxy;
			containerPortal = ADF0D00F20D9750D00EE7E28 /* Project object */;
			proxyType = 1;
			remoteGlobalIDString = ADF0D01620D9750D00EE7E28;
			remoteInfo = Planets;
		};
/* End PBXContainerItemProxy section */

/* Begin PBXFileReference section */
		ADF0D01720D9750D00EE7E28 /* Planets.app */ = {isa = PBXFileReference; explicitFileType = wrapper.application; includeInIndex = 0; path = Planets.app; sourceTree = BUILT_PRODUCTS_DIR; };
		ADF0D01A20D9750D00EE7E28 /* AppDelegate.swift */ = {isa = PBXFileReference; lastKnownFileType = sourcecode.swift; path = AppDelegate.swift; sourceTree = "<group>"; };
		ADF0D01C20D9750D00EE7E28 /* ViewController.swift */ = {isa = PBXFileReference; lastKnownFileType = sourcecode.swift; path = ViewController.swift; sourceTree = "<group>"; };
		ADF0D01F20D9750D00EE7E28 /* Base */ = {isa = PBXFileReference; lastKnownFileType = file.storyboard; name = Base; path = Base.lproj/Main.storyboard; sourceTree = "<group>"; };
		ADF0D02120D9750F00EE7E28 /* Assets.xcassets */ = {isa = PBXFileReference; lastKnownFileType = folder.assetcatalog; path = Assets.xcassets; sourceTree = "<group>"; };
		ADF0D02420D9750F00EE7E28 /* Base */ = {isa = PBXFileReference; lastKnownFileType = file.storyboard; name = Base; path = Base.lproj/LaunchScreen.storyboard; sourceTree = "<group>"; };
		ADF0D02620D9750F00EE7E28 /* Info.plist */ = {isa = PBXFileReference; lastKnownFileType = text.plist.xml; path = Info.plist; sourceTree = "<group>"; };
		ADF0D02B20D9750F00EE7E28 /* PlanetsTests.xctest */ = {isa = PBXFileReference; explicitFileType = wrapper.cfbundle; includeInIndex = 0; path = PlanetsTests.xctest; sourceTree = BUILT_PRODUCTS_DIR; };
		ADF0D02F20D9750F00EE7E28 /* PlanetsTests.swift */ = {isa = PBXFileReference; lastKnownFileType = sourcecode.swift; path = PlanetsTests.swift; sourceTree = "<group>"; };
		ADF0D03120D9750F00EE7E28 /* Info.plist */ = {isa = PBXFileReference; lastKnownFileType = text.plist.xml; path = Info.plist; sourceTree = "<group>"; };
		ADF0D03620D9750F00EE7E28 /* PlanetsUITests.xctest */ = {isa = PBXFileReference; explicitFileType = wrapper.cfbundle; includeInIndex = 0; path = PlanetsUITests.xctest; sourceTree = BUILT_PRODUCTS_DIR; };
		ADF0D03A20D9750F00EE7E28 /* PlanetsUITests.swift */ = {isa = PBXFileReference; lastKnownFileType = sourcecode.swift; path = PlanetsUITests.swift; sourceTree = "<group>"; };
		ADF0D03C20D9750F00EE7E28 /* Info.plist */ = {isa = PBXFileReference; lastKnownFileType = text.plist.xml; path = Info.plist; sourceTree = "<group>"; };
/* End PBXFileReference section */

/* Begin PBXFrameworksBuildPhase section */
		ADF0D01420D9750D00EE7E28 /* Frameworks */ = {
			isa = PBXFrameworksBuildPhase;
			buildActionMask = 2147483647;
			files = (
			);
			runOnlyForDeploymentPostprocessing = 0;
		};
		ADF0D02820D9750F00EE7E28 /* Frameworks */ = {
			isa = PBXFrameworksBuildPhase;
			buildActionMask = 2147483647;
			files = (
			);
			runOnlyForDeploymentPostprocessing = 0;
		};
		ADF0D03320D9750F00EE7E28 /* Frameworks */ = {
			isa = PBXFrameworksBuildPhase;
			buildActionMask = 2147483647;
			files = (
			);
			runOnlyForDeploymentPostprocessing = 0;
		};
/* End PBXFrameworksBuildPhase section */

/* Begin PBXGroup section */
		ADF0D00E20D9750D00EE7E28 = {
			isa = PBXGroup;
			children = (
				ADF0D01920D9750D00EE7E28 /* Planets */,
				ADF0D02E20D9750F00EE7E28 /* PlanetsTests */,
				ADF0D03920D9750F00EE7E28 /* PlanetsUITests */,
				ADF0D01820D9750D00EE7E28 /* Products */,
			);
			sourceTree = "<group>";
		};
		ADF0D01820D9750D00EE7E28 /* Products */ = {
			isa = PBXGroup;
			children = (
				ADF0D01720D9750D00EE7E28 /* Planets.app */,
				ADF0D02B20D9750F00EE7E28 /* PlanetsTests.xctest */,
				ADF0D03620D9750F00EE7E28 /* PlanetsUITests.xctest */,
			);
			name = Products;
			sourceTree = "<group>";
		};
		ADF0D01920D9750D00EE7E28 /* Planets */ = {
			isa = PBXGroup;
			children = (
				ADF0D01A20D9750D00EE7E28 /* AppDelegate.swift */,
				ADF0D01C20D9750D00EE7E28 /* ViewController.swift */,
				ADF0D01E20D9750D00EE7E28 /* Main.storyboard */,
				ADF0D02120D9750F00EE7E28 /* Assets.xcassets */,
				ADF0D02320D9750F00EE7E28 /* LaunchScreen.storyboard */,
				ADF0D02620D9750F00EE7E28 /* Info.plist */,
			);
			path = Planets;
			sourceTree = "<group>";
		};
		ADF0D02E20D9750F00EE7E28 /* PlanetsTests */ = {
			isa = PBXGroup;
			children = (
				ADF0D02F20D9750F00EE7E28 /* PlanetsTests.swift */,
				ADF0D03120D9750F00EE7E28 /* Info.plist */,
			);
			path = PlanetsTests;
			sourceTree = "<group>";
		};
		ADF0D03920D9750F00EE7E28 /* PlanetsUITests */ = {
			isa = PBXGroup;
			children = (
				ADF0D03A20D9750F00EE7E28 /* PlanetsUITests.swift */,
				ADF0D03C20D9750F00EE7E28 /* Info.plist */,
			);
			path = PlanetsUITests;
			sourceTree = "<group>";
		};
/* End PBXGroup section */

/* Begin PBXNativeTarget section */
		ADF0D01620D9750D00EE7E28 /* Planets */ = {
			isa = PBXNativeTarget;
			buildConfigurationList = ADF0D03F20D9750F00EE7E28 /* Build configuration list for PBXNativeTarget "Planets" */;
			buildPhases = (
				ADF0D01320D9750D00EE7E28 /* Sources */,
				ADF0D01420D9750D00EE7E28 /* Frameworks */,
				ADF0D01520D9750D00EE7E28 /* Resources */,
			);
			buildRules = (
			);
			dependencies = (
			);
			name = Planets;
			productName = Planets;
			productReference = ADF0D01720D9750D00EE7E28 /* Planets.app */;
			productType = "com.apple.product-type.application";
		};
		ADF0D02A20D9750F00EE7E28 /* PlanetsTests */ = {
			isa = PBXNativeTarget;
			buildConfigurationList = ADF0D04220D9750F00EE7E28 /* Build configuration list for PBXNativeTarget "PlanetsTests" */;
			buildPhases = (
				ADF0D02720D9750F00EE7E28 /* Sources */,
				ADF0D02820D9750F00EE7E28 /* Frameworks */,
				ADF0D02920D9750F00EE7E28 /* Resources */,
			);
			buildRules = (
			);
			dependencies = (
				ADF0D02D20D9750F00EE7E28 /* PBXTargetDependency */,
			);
			name = PlanetsTests;
			productName = PlanetsTests;
			productReference = ADF0D02B20D9750F00EE7E28 /* PlanetsTests.xctest */;
			productType = "com.apple.product-type.bundle.unit-test";
		};
		ADF0D03520D9750F00EE7E28 /* PlanetsUITests */ = {
			isa = PBXNativeTarget;
			buildConfigurationList = ADF0D04520D9750F00EE7E28 /* Build configuration list for PBXNativeTarget "PlanetsUITests" */;
			buildPhases = (
				ADF0D03220D9750F00EE7E28 /* Sources */,
				ADF0D03320D9750F00EE7E28 /* Frameworks */,
				ADF0D03420D9750F00EE7E28 /* Resources */,
			);
			buildRules = (
			);
			dependencies = (
				ADF0D03820D9750F00EE7E28 /* PBXTargetDependency */,
			);
			name = PlanetsUITests;
			productName = PlanetsUITests;
			productReference = ADF0D03620D9750F00EE7E28 /* PlanetsUITests.xctest */;
			productType = "com.apple.product-type.bundle.ui-testing";
		};
/* End PBXNativeTarget section */

/* Begin PBXProject section */
		ADF0D00F20D9750D00EE7E28 /* Project object */ = {
			isa = PBXProject;
			attributes = {
				LastSwiftUpdateCheck = 0940;
				LastUpgradeCheck = 0940;
				ORGANIZATIONNAME = Ezoom;
				TargetAttributes = {
					ADF0D01620D9750D00EE7E28 = {
						CreatedOnToolsVersion = 9.4.1;
					};
					ADF0D02A20D9750F00EE7E28 = {
						CreatedOnToolsVersion = 9.4.1;
						TestTargetID = ADF0D01620D9750D00EE7E28;
					};
					ADF0D03520D9750F00EE7E28 = {
						CreatedOnToolsVersion = 9.4.1;
						TestTargetID = ADF0D01620D9750D00EE7E28;
					};
				};
			};
			buildConfigurationList = ADF0D01220D9750D00EE7E28 /* Build configuration list for PBXProject "Planets" */;
			compatibilityVersion = "Xcode 9.3";
			developmentRegion = en;
			hasScannedForEncodings = 0;
			knownRegions = (
				en,
				Base,
			);
			mainGroup = ADF0D00E20D9750D00EE7E28;
			productRefGroup = ADF0D01820D9750D00EE7E28 /* Products */;
			projectDirPath = "";
			projectRoot = "";
			targets = (
				ADF0D01620D9750D00EE7E28 /* Planets */,
				ADF0D02A20D9750F00EE7E28 /* PlanetsTests */,
				ADF0D03520D9750F00EE7E28 /* PlanetsUITests */,
			);
		};
/* End PBXProject section */

/* Begin PBXResourcesBuildPhase section */
		ADF0D01520D9750D00EE7E28 /* Resources */ = {
			isa = PBXResourcesBuildPhase;
			buildActionMask = 2147483647;
			files = (
				ADF0D02520D9750F00EE7E28 /* LaunchScreen.storyboard in Resources */,
				ADF0D02220D9750F00EE7E28 /* Assets.xcassets in Resources */,
				ADF0D02020D9750D00EE7E28 /* Main.storyboard in Resources */,
			);
			runOnlyForDeploymentPostprocessing = 0;
		};
		ADF0D02920D9750F00EE7E28 /* Resources */ = {
			isa = PBXResourcesBuildPhase;
			buildActionMask = 2147483647;
			files = (
			);
			runOnlyForDeploymentPostprocessing = 0;
		};
		ADF0D03420D9750F00EE7E28 /* Resources */ = {
			isa = PBXResourcesBuildPhase;
			buildActionMask = 2147483647;
			files = (
			);
			runOnlyForDeploymentPostprocessing = 0;
		};
/* End PBXResourcesBuildPhase section */

/* Begin PBXSourcesBuildPhase section */
		ADF0D01320D9750D00EE7E28 /* Sources */ = {
			isa = PBXSourcesBuildPhase;
			buildActionMask = 2147483647;
			files = (
				ADF0D01D20D9750D00EE7E28 /* ViewController.swift in Sources */,
				ADF0D01B20D9750D00EE7E28 /* AppDelegate.swift in Sources */,
			);
			runOnlyForDeploymentPostprocessing = 0;
		};
		ADF0D02720D9750F00EE7E28 /* Sources */ = {
			isa = PBXSourcesBuildPhase;
			buildActionMask = 2147483647;
			files = (
				ADF0D03020D9750F00EE7E28 /* PlanetsTests.swift in Sources */,
			);
			runOnlyForDeploymentPostprocessing = 0;
		};
		ADF0D03220D9750F00EE7E28 /* Sources */ = {
			isa = PBXSourcesBuildPhase;
			buildActionMask = 2147483647;
			files = (
				ADF0D03B20D9750F00EE7E28 /* PlanetsUITests.swift in Sources */,
			);
			runOnlyForDeploymentPostprocessing = 0;
		};
/* End PBXSourcesBuildPhase section */

/* Begin PBXTargetDependency section */
		ADF0D02D20D9750F00EE7E28 /* PBXTargetDependency */ = {
			isa = PBXTargetDependency;
			target = ADF0D01620D9750D00EE7E28 /* Planets */;
			targetProxy = ADF0D02C20D9750F00EE7E28 /* PBXContainerItemProxy */;
		};
		ADF0D03820D9750F00EE7E28 /* PBXTargetDependency */ = {
			isa = PBXTargetDependency;
			target = ADF0D01620D9750D00EE7E28 /* Planets */;
			targetProxy = ADF0D03720D9750F00EE7E28 /* PBXContainerItemProxy */;
		};
/* End PBXTargetDependency section */

/* Begin PBXVariantGroup section */
		ADF0D01E20D9750D00EE7E28 /* Main.storyboard */ = {
			isa = PBXVariantGroup;
			children = (
				ADF0D01F20D9750D00EE7E28 /* Base */,
			);
			name = Main.storyboard;
			sourceTree = "<group>";
		};
		ADF0D02320D9750F00EE7E28 /* LaunchScreen.storyboard */ = {
			isa = PBXVariantGroup;
			children = (
				ADF0D02420D9750F00EE7E28 /* Base */,
			);
			name = LaunchScreen.storyboard;
			sourceTree = "<group>";
		};
/* End PBXVariantGroup section */

/* Begin XCBuildConfiguration section */
		ADF0D03D20D9750F00EE7E28 /* Debug */ = {
			isa = XCBuildConfiguration;
			buildSettings = {
				ALWAYS_SEARCH_USER_PATHS = NO;
				CLANG_ANALYZER_NONNULL = YES;
				CLANG_ANALYZER_NUMBER_OBJECT_CONVERSION = YES_AGGRESSIVE;
				CLANG_CXX_LANGUAGE_STANDARD = "gnu++14";
				CLANG_CXX_LIBRARY = "libc++";
				CLANG_ENABLE_MODULES = YES;
				CLANG_ENABLE_OBJC_ARC = YES;
				CLANG_ENABLE_OBJC_WEAK = YES;
				CLANG_WARN_BLOCK_CAPTURE_AUTORELEASING = YES;
				CLANG_WARN_BOOL_CONVERSION = YES;
				CLANG_WARN_COMMA = YES;
				CLANG_WARN_CONSTANT_CONVERSION = YES;
				CLANG_WARN_DEPRECATED_OBJC_IMPLEMENTATIONS = YES;
				CLANG_WARN_DIRECT_OBJC_ISA_USAGE = YES_ERROR;
				CLANG_WARN_DOCUMENTATION_COMMENTS = YES;
				CLANG_WARN_EMPTY_BODY = YES;
				CLANG_WARN_ENUM_CONVERSION = YES;
				CLANG_WARN_INFINITE_RECURSION = YES;
				CLANG_WARN_INT_CONVERSION = YES;
				CLANG_WARN_NON_LITERAL_NULL_CONVERSION = YES;
				CLANG_WARN_OBJC_IMPLICIT_RETAIN_SELF = YES;
				CLANG_WARN_OBJC_LITERAL_CONVERSION = YES;
				CLANG_WARN_OBJC_ROOT_CLASS = YES_ERROR;
				CLANG_WARN_RANGE_LOOP_ANALYSIS = YES;
				CLANG_WARN_STRICT_PROTOTYPES = YES;
				CLANG_WARN_SUSPICIOUS_MOVE = YES;
				CLANG_WARN_UNGUARDED_AVAILABILITY = YES_AGGRESSIVE;
				CLANG_WARN_UNREACHABLE_CODE = YES;
				CLANG_WARN__DUPLICATE_METHOD_MATCH = YES;
				CODE_SIGN_IDENTITY = "iPhone Developer";
				COPY_PHASE_STRIP = NO;
				DEBUG_INFORMATION_FORMAT = dwarf;
				ENABLE_STRICT_OBJC_MSGSEND = YES;
				ENABLE_TESTABILITY = YES;
				GCC_C_LANGUAGE_STANDARD = gnu11;
				GCC_DYNAMIC_NO_PIC = NO;
				GCC_NO_COMMON_BLOCKS = YES;
				GCC_OPTIMIZATION_LEVEL = 0;
				GCC_PREPROCESSOR_DEFINITIONS = (
					"DEBUG=1",
					"$(inherited)",
				);
				GCC_WARN_64_TO_32_BIT_CONVERSION = YES;
				GCC_WARN_ABOUT_RETURN_TYPE = YES_ERROR;
				GCC_WARN_UNDECLARED_SELECTOR = YES;
				GCC_WARN_UNINITIALIZED_AUTOS = YES_AGGRESSIVE;
				GCC_WARN_UNUSED_FUNCTION = YES;
				GCC_WARN_UNUSED_VARIABLE = YES;
				IPHONEOS_DEPLOYMENT_TARGET = 11.4;
				MTL_ENABLE_DEBUG_INFO = YES;
				ONLY_ACTIVE_ARCH = YES;
				SDKROOT = iphoneos;
				SWIFT_ACTIVE_COMPILATION_CONDITIONS = DEBUG;
				SWIFT_OPTIMIZATION_LEVEL = "-Onone";
			};
			name = Debug;
		};
		ADF0D03E20D9750F00EE7E28 /* Release */ = {
			isa = XCBuildConfiguration;
			buildSettings = {
				ALWAYS_SEARCH_USER_PATHS = NO;
				CLANG_ANALYZER_NONNULL = YES;
				CLANG_ANALYZER_NUMBER_OBJECT_CONVERSION = YES_AGGRESSIVE;
				CLANG_CXX_LANGUAGE_STANDARD = "gnu++14";
				CLANG_CXX_LIBRARY = "libc++";
				CLANG_ENABLE_MODULES = YES;
				CLANG_ENABLE_OBJC_ARC = YES;
				CLANG_ENABLE_OBJC_WEAK = YES;
				CLANG_WARN_BLOCK_CAPTURE_AUTORELEASING = YES;
				CLANG_WARN_BOOL_CONVERSION = YES;
				CLANG_WARN_COMMA = YES;
				CLANG_WARN_CONSTANT_CONVERSION = YES;
				CLANG_WARN_DEPRECATED_OBJC_IMPLEMENTATIONS = YES;
				CLANG_WARN_DIRECT_OBJC_ISA_USAGE = YES_ERROR;
				CLANG_WARN_DOCUMENTATION_COMMENTS = YES;
				CLANG_WARN_EMPTY_BODY = YES;
				CLANG_WARN_ENUM_CONVERSION = YES;
				CLANG_WARN_INFINITE_RECURSION = YES;
				CLANG_WARN_INT_CONVERSION = YES;
				CLANG_WARN_NON_LITERAL_NULL_CONVERSION = YES;
				CLANG_WARN_OBJC_IMPLICIT_RETAIN_SELF = YES;
				CLANG_WARN_OBJC_LITERAL_CONVERSION = YES;
				CLANG_WARN_OBJC_ROOT_CLASS = YES_ERROR;
				CLANG_WARN_RANGE_LOOP_ANALYSIS = YES;
				CLANG_WARN_STRICT_PROTOTYPES = YES;
				CLANG_WARN_SUSPICIOUS_MOVE = YES;
				CLANG_WARN_UNGUARDED_AVAILABILITY = YES_AGGRESSIVE;
				CLANG_WARN_UNREACHABLE_CODE = YES;
				CLANG_WARN__DUPLICATE_METHOD_MATCH = YES;
				CODE_SIGN_IDENTITY = "iPhone Developer";
				COPY_PHASE_STRIP = NO;
				DEBUG_INFORMATION_FORMAT = "dwarf-with-dsym";
				ENABLE_NS_ASSERTIONS = NO;
				ENABLE_STRICT_OBJC_MSGSEND = YES;
				GCC_C_LANGUAGE_STANDARD = gnu11;
				GCC_NO_COMMON_BLOCKS = YES;
				GCC_WARN_64_TO_32_BIT_CONVERSION = YES;
				GCC_WARN_ABOUT_RETURN_TYPE = YES_ERROR;
				GCC_WARN_UNDECLARED_SELECTOR = YES;
				GCC_WARN_UNINITIALIZED_AUTOS = YES_AGGRESSIVE;
				GCC_WARN_UNUSED_FUNCTION = YES;
				GCC_WARN_UNUSED_VARIABLE = YES;
				IPHONEOS_DEPLOYMENT_TARGET = 11.4;
				MTL_ENABLE_DEBUG_INFO = NO;
				SDKROOT = iphoneos;
				SWIFT_COMPILATION_MODE = wholemodule;
				SWIFT_OPTIMIZATION_LEVEL = "-O";
				VALIDATE_PRODUCT = YES;
			};
			name = Release;
		};
		ADF0D04020D9750F00EE7E28 /* Debug */ = {
			isa = XCBuildConfiguration;
			buildSettings = {
				ASSETCATALOG_COMPILER_APPICON_NAME = AppIcon;
				CODE_SIGN_STYLE = Automatic;
				DEVELOPMENT_TEAM = 84CTC2EJLE;
				INFOPLIST_FILE = Planets/Info.plist;
				LD_RUNPATH_SEARCH_PATHS = (
					"$(inherited)",
					"@executable_path/Frameworks",
				);
				PRODUCT_BUNDLE_IDENTIFIER = br.com.ezoom.Planets;
				PRODUCT_NAME = "$(TARGET_NAME)";
				SWIFT_VERSION = 4.0;
				TARGETED_DEVICE_FAMILY = "1,2";
			};
			name = Debug;
		};
		ADF0D04120D9750F00EE7E28 /* Release */ = {
			isa = XCBuildConfiguration;
			buildSettings = {
				ASSETCATALOG_COMPILER_APPICON_NAME = AppIcon;
				CODE_SIGN_STYLE = Automatic;
				DEVELOPMENT_TEAM = 84CTC2EJLE;
				INFOPLIST_FILE = Planets/Info.plist;
				LD_RUNPATH_SEARCH_PATHS = (
					"$(inherited)",
					"@executable_path/Frameworks",
				);
				PRODUCT_BUNDLE_IDENTIFIER = br.com.ezoom.Planets;
				PRODUCT_NAME = "$(TARGET_NAME)";
				SWIFT_VERSION = 4.0;
				TARGETED_DEVICE_FAMILY = "1,2";
			};
			name = Release;
		};
		ADF0D04320D9750F00EE7E28 /* Debug */ = {
			isa = XCBuildConfiguration;
			buildSettings = {
				ALWAYS_EMBED_SWIFT_STANDARD_LIBRARIES = YES;
				BUNDLE_LOADER = "$(TEST_HOST)";
				CODE_SIGN_STYLE = Automatic;
				DEVELOPMENT_TEAM = 4W7V7V725Y;
				INFOPLIST_FILE = PlanetsTests/Info.plist;
				LD_RUNPATH_SEARCH_PATHS = (
					"$(inherited)",
					"@executable_path/Frameworks",
					"@loader_path/Frameworks",
				);
				PRODUCT_BUNDLE_IDENTIFIER = br.com.ezoom.PlanetsTests;
				PRODUCT_NAME = "$(TARGET_NAME)";
				SWIFT_VERSION = 4.0;
				TARGETED_DEVICE_FAMILY = "1,2";
				TEST_HOST = "$(BUILT_PRODUCTS_DIR)/Planets.app/Planets";
			};
			name = Debug;
		};
		ADF0D04420D9750F00EE7E28 /* Release */ = {
			isa = XCBuildConfiguration;
			buildSettings = {
				ALWAYS_EMBED_SWIFT_STANDARD_LIBRARIES = YES;
				BUNDLE_LOADER = "$(TEST_HOST)";
				CODE_SIGN_STYLE = Automatic;
				DEVELOPMENT_TEAM = 4W7V7V725Y;
				INFOPLIST_FILE = PlanetsTests/Info.plist;
				LD_RUNPATH_SEARCH_PATHS = (
					"$(inherited)",
					"@executable_path/Frameworks",
					"@loader_path/Frameworks",
				);
				PRODUCT_BUNDLE_IDENTIFIER = br.com.ezoom.PlanetsTests;
				PRODUCT_NAME = "$(TARGET_NAME)";
				SWIFT_VERSION = 4.0;
				TARGETED_DEVICE_FAMILY = "1,2";
				TEST_HOST = "$(BUILT_PRODUCTS_DIR)/Planets.app/Planets";
			};
			name = Release;
		};
		ADF0D04620D9750F00EE7E28 /* Debug */ = {
			isa = XCBuildConfiguration;
			buildSettings = {
				ALWAYS_EMBED_SWIFT_STANDARD_LIBRARIES = YES;
				CODE_SIGN_STYLE = Automatic;
				DEVELOPMENT_TEAM = 4W7V7V725Y;
				INFOPLIST_FILE = PlanetsUITests/Info.plist;
				LD_RUNPATH_SEARCH_PATHS = (
					"$(inherited)",
					"@executable_path/Frameworks",
					"@loader_path/Frameworks",
				);
				PRODUCT_BUNDLE_IDENTIFIER = br.com.ezoom.PlanetsUITests;
				PRODUCT_NAME = "$(TARGET_NAME)";
				SWIFT_VERSION = 4.0;
				TARGETED_DEVICE_FAMILY = "1,2";
				TEST_TARGET_NAME = Planets;
			};
			name = Debug;
		};
		ADF0D04720D9750F00EE7E28 /* Release */ = {
			isa = XCBuildConfiguration;
			buildSettings = {
				ALWAYS_EMBED_SWIFT_STANDARD_LIBRARIES = YES;
				CODE_SIGN_STYLE = Automatic;
				DEVELOPMENT_TEAM = 4W7V7V725Y;
				INFOPLIST_FILE = PlanetsUITests/Info.plist;
				LD_RUNPATH_SEARCH_PATHS = (
					"$(inherited)",
					"@executable_path/Frameworks",
					"@loader_path/Frameworks",
				);
				PRODUCT_BUNDLE_IDENTIFIER = br.com.ezoom.PlanetsUITests;
				PRODUCT_NAME = "$(TARGET_NAME)";
				SWIFT_VERSION = 4.0;
				TARGETED_DEVICE_FAMILY = "1,2";
				TEST_TARGET_NAME = Planets;
			};
			name = Release;
		};
/* End XCBuildConfiguration section */

/* Begin XCConfigurationList section */
		ADF0D01220D9750D00EE7E28 /* Build configuration list for PBXProject "Planets" */ = {
			isa = XCConfigurationList;
			buildConfigurations = (
				ADF0D03D20D9750F00EE7E28 /* Debug */,
				ADF0D03E20D9750F00EE7E28 /* Release */,
			);
			defaultConfigurationIsVisible = 0;
			defaultConfigurationName = Release;
		};
		ADF0D03F20D9750F00EE7E28 /* Build configuration list for PBXNativeTarget "Planets" */ = {
			isa = XCConfigurationList;
			buildConfigurations = (
				ADF0D04020D9750F00EE7E28 /* Debug */,
				ADF0D04120D9750F00EE7E28 /* Release */,
			);
			defaultConfigurationIsVisible = 0;
			defaultConfigurationName = Release;
		};
		ADF0D04220D9750F00EE7E28 /* Build configuration list for PBXNativeTarget "PlanetsTests" */ = {
			isa = XCConfigurationList;
			buildConfigurations = (
				ADF0D04320D9750F00EE7E28 /* Debug */,
				ADF0D04420D9750F00EE7E28 /* Release */,
			);
			defaultConfigurationIsVisible = 0;
			defaultConfigurationName = Release;
		};
		ADF0D04520D9750F00EE7E28 /* Build configuration list for PBXNativeTarget "PlanetsUITests" */ = {
			isa = XCConfigurationList;
			buildConfigurations = (
				ADF0D04620D9750F00EE7E28 /* Debug */,
				ADF0D04720D9750F00EE7E28 /* Release */,
			);
			defaultConfigurationIsVisible = 0;
			defaultConfigurationName = Release;
		};
/* End XCConfigurationList section */
	};
	rootObject = ADF0D00F20D9750D00EE7E28 /* Project object */;
}
